
Microsoft Visual Studio Solution File, Format Version 12.00
# Visual Studio 14
VisualStudioVersion = 14.0.25420.1
MinimumVisualStudioVersion = 10.0.40219.1
Project("{B1E792BE-AA5F-4E3C-8C82-674BF9C0715B}") = "TwinCAT Project1", "TwinCAT Project1\TwinCAT Project1.tsproj", "{D120B6BC-AD5B-445D-915C-3D83448743C8}"
EndProject
Project("{FD9F1D59-E000-42F3-8744-88DE1BE93C06}") = "TwinCAT Measurement Project1", "TwinCAT Measurement Project1\TwinCAT Measurement Project1.tcmproj", "{4134F1B6-FD3B-4E9C-AC20-DCAFF136AC1C}"
EndProject
Global
	GlobalSection(SolutionConfigurationPlatforms) = preSolution
		Debug|TwinCAT CE7 (ARMV7) = Debug|TwinCAT CE7 (ARMV7)
		Debug|TwinCAT OS (ARMT2) = Debug|TwinCAT OS (ARMT2)
		Debug|TwinCAT RT (x64) = Debug|TwinCAT RT (x64)
		Debug|TwinCAT RT (x86) = Debug|TwinCAT RT (x86)
		Release|TwinCAT CE7 (ARMV7) = Release|TwinCAT CE7 (ARMV7)
		Release|TwinCAT OS (ARMT2) = Release|TwinCAT OS (ARMT2)
		Release|TwinCAT RT (x64) = Release|TwinCAT RT (x64)
		Release|TwinCAT RT (x86) = Release|TwinCAT RT (x86)
	EndGlobalSection
	GlobalSection(ProjectConfigurationPlatforms) = postSolution
		{D120B6BC-AD5B-445D-915C-3D83448743C8}.Debug|TwinCAT CE7 (ARMV7).ActiveCfg = Debug|TwinCAT CE7 (ARMV7)
		{D120B6BC-AD5B-445D-915C-3D83448743C8}.Debug|TwinCAT CE7 (ARMV7).Build.0 = Debug|TwinCAT CE7 (ARMV7)
		{D120B6BC-AD5B-445D-915C-3D83448743C8}.Debug|TwinCAT OS (ARMT2).ActiveCfg = Debug|TwinCAT RT (x86)
		{D120B6BC-AD5B-445D-915C-3D83448743C8}.Debug|TwinCAT RT (x64).ActiveCfg = Debug|TwinCAT RT (x64)
		{D120B6BC-AD5B-445D-915C-3D83448743C8}.Debug|TwinCAT RT (x64).Build.0 = Debug|TwinCAT RT (x64)
		{D120B6BC-AD5B-445D-915C-3D83448743C8}.Debug|TwinCAT RT (x86).ActiveCfg = Debug|TwinCAT RT (x86)
		{D120B6BC-AD5B-445D-915C-3D83448743C8}.Debug|TwinCAT RT (x86).Build.0 = Debug|TwinCAT RT (x86)
		{D120B6BC-AD5B-445D-915C-3D83448743C8}.Release|TwinCAT CE7 (ARMV7).ActiveCfg = Release|TwinCAT CE7 (ARMV7)
		{D120B6BC-AD5B-445D-915C-3D83448743C8}.Release|TwinCAT CE7 (ARMV7).Build.0 = Release|TwinCAT CE7 (ARMV7)
		{D120B6BC-AD5B-445D-915C-3D83448743C8}.Release|TwinCAT OS (ARMT2).ActiveCfg = Release|TwinCAT RT (x86)
		{D120B6BC-AD5B-445D-915C-3D83448743C8}.Release|TwinCAT RT (x64).ActiveCfg = Release|TwinCAT RT (x64)
		{D120B6BC-AD5B-445D-915C-3D83448743C8}.Release|TwinCAT RT (x64).Build.0 = Release|TwinCAT RT (x64)
		{D120B6BC-AD5B-445D-915C-3D83448743C8}.Release|TwinCAT RT (x86).ActiveCfg = Release|TwinCAT RT (x86)
		{D120B6BC-AD5B-445D-915C-3D83448743C8}.Release|TwinCAT RT (x86).Build.0 = Release|TwinCAT RT (x86)
		{EBF730F5-EB70-496D-B80F-3EF457609040}.Debug|TwinCAT CE7 (ARMV7).ActiveCfg = Debug|TwinCAT CE7 (ARMV7)
		{EBF730F5-EB70-496D-B80F-3EF457609040}.Debug|TwinCAT CE7 (ARMV7).Build.0 = Debug|TwinCAT CE7 (ARMV7)
		{EBF730F5-EB70-496D-B80F-3EF457609040}.Debug|TwinCAT OS (ARMT2).ActiveCfg = Debug|TwinCAT RT (x86)
		{EBF730F5-EB70-496D-B80F-3EF457609040}.Debug|TwinCAT RT (x64).ActiveCfg = Debug|TwinCAT RT (x64)
		{EBF730F5-EB70-496D-B80F-3EF457609040}.Debug|TwinCAT RT (x64).Build.0 = Debug|TwinCAT RT (x64)
		{EBF730F5-EB70-496D-B80F-3EF457609040}.Debug|TwinCAT RT (x86).ActiveCfg = Debug|TwinCAT RT (x86)
		{EBF730F5-EB70-496D-B80F-3EF457609040}.Debug|TwinCAT RT (x86).Build.0 = Debug|TwinCAT RT (x86)
		{EBF730F5-EB70-496D-B80F-3EF457609040}.Release|TwinCAT CE7 (ARMV7).ActiveCfg = Release|TwinCAT CE7 (ARMV7)
		{EBF730F5-EB70-496D-B80F-3EF457609040}.Release|TwinCAT CE7 (ARMV7).Build.0 = Release|TwinCAT CE7 (ARMV7)
		{EBF730F5-EB70-496D-B80F-3EF457609040}.Release|TwinCAT OS (ARMT2).ActiveCfg = Release|TwinCAT RT (x86)
		{EBF730F5-EB70-496D-B80F-3EF457609040}.Release|TwinCAT RT (x64).ActiveCfg = Release|TwinCAT RT (x64)
		{EBF730F5-EB70-496D-B80F-3EF457609040}.Release|TwinCAT RT (x64).Build.0 = Release|TwinCAT RT (x64)
		{EBF730F5-EB70-496D-B80F-3EF457609040}.Release|TwinCAT RT (x86).ActiveCfg = Release|TwinCAT RT (x86)
		{EBF730F5-EB70-496D-B80F-3EF457609040}.Release|TwinCAT RT (x86).Build.0 = Release|TwinCAT RT (x86)
		{4134F1B6-FD3B-4E9C-AC20-DCAFF136AC1C}.Debug|TwinCAT CE7 (ARMV7).ActiveCfg = Debug|TwinCAT CE7 (ARMV7)
		{4134F1B6-FD3B-4E9C-AC20-DCAFF136AC1C}.Debug|TwinCAT OS (ARMT2).ActiveCfg = Debug|TwinCAT OS (ARMT2)
		{4134F1B6-FD3B-4E9C-AC20-DCAFF136AC1C}.Debug|TwinCAT RT (x64).ActiveCfg = Debug|TwinCAT RT (x64)
		{4134F1B6-FD3B-4E9C-AC20-DCAFF136AC1C}.Debug|TwinCAT RT (x86).ActiveCfg = Debug|TwinCAT RT (x86)
		{4134F1B6-FD3B-4E9C-AC20-DCAFF136AC1C}.Release|TwinCAT CE7 (ARMV7).ActiveCfg = Release|TwinCAT CE7 (ARMV7)
		{4134F1B6-FD3B-4E9C-AC20-DCAFF136AC1C}.Release|TwinCAT OS (ARMT2).ActiveCfg = Release|TwinCAT OS (ARMT2)
		{4134F1B6-FD3B-4E9C-AC20-DCAFF136AC1C}.Release|TwinCAT RT (x64).ActiveCfg = Release|TwinCAT RT (x64)
		{4134F1B6-FD3B-4E9C-AC20-DCAFF136AC1C}.Release|TwinCAT RT (x86).ActiveCfg = Release|TwinCAT RT (x86)
	EndGlobalSection
	GlobalSection(SolutionProperties) = preSolution
		HideSolutionNode = FALSE
	EndGlobalSection
	GlobalSection(ExtensibilityGlobals) = postSolution
		SolutionGuid = {8DBB2F33-E81D-4AC9-9CEC-6EC3B8786053}
	EndGlobalSection
EndGlobal
